{
    "_meta": {
        "hash": {
            "sha256": "2b799f802c2434ba405bbfbb2f4101742ff05f59947e59f97cb3b9b766028cc2"
        },
        "pipfile-spec": 6,
        "requires": {
            "python_version": "3.7"
        },
        "sources": [
            {
                "name": "pypi",
                "url": "https://pypi.org/simple",
                "verify_ssl": true
            }
        ]
    },
    "default": {},
    "develop": {}
}
